
Microsoft Visual Studio Solution File, Format Version 12.00
# Visual Studio Version 16
VisualStudioVersion = 25.0.1705.6
MinimumVisualStudioVersion = 10.0.40219.1
Project("{FAE04EC0-301F-11D3-BF4B-00C04F79EFBC}") = "SpaceX", "SpaceX.csproj", "{CA70818A-9F8D-498B-BA70-99F2D2FCCE32}"
EndProject
Global
	GlobalSection(SolutionConfigurationPlatforms) = preSolution
		Debug|Any CPU = Debug|Any CPU
		Release|Any CPU = Release|Any CPU
	EndGlobalSection
	GlobalSection(ProjectConfigurationPlatforms) = postSolution
		{CA70818A-9F8D-498B-BA70-99F2D2FCCE32}.Debug|Any CPU.ActiveCfg = Debug|Any CPU
		{CA70818A-9F8D-498B-BA70-99F2D2FCCE32}.Debug|Any CPU.Build.0 = Debug|Any CPU
		{CA70818A-9F8D-498B-BA70-99F2D2FCCE32}.Release|Any CPU.ActiveCfg = Release|Any CPU
		{CA70818A-9F8D-498B-BA70-99F2D2FCCE32}.Release|Any CPU.Build.0 = Release|Any CPU
	EndGlobalSection
	GlobalSection(SolutionProperties) = preSolution
		HideSolutionNode = FALSE
	EndGlobalSection
	GlobalSection(ExtensibilityGlobals) = postSolution
		SolutionGuid = {2872737D-E4ED-47E4-8104-F072ACF1B7C1}
	EndGlobalSection
EndGlobal
